
Microsoft Visual Studio Solution File, Format Version 12.00
# Visual Studio Version 17
VisualStudioVersion = 17.3.32901.215
MinimumVisualStudioVersion = 10.0.40219.1
Project("{FAE04EC0-301F-11D3-BF4B-00C04F79EFBC}") = "FinalProject_AlekseiStepanov", "FinalProject_AlekseiStepanov\FinalProject_AlekseiStepanov.csproj", "{3329D1F0-EE5D-4879-B887-C67970499092}"
EndProject
Global
	GlobalSection(SolutionConfigurationPlatforms) = preSolution
		Debug|Any CPU = Debug|Any CPU
		Release|Any CPU = Release|Any CPU
	EndGlobalSection
	GlobalSection(ProjectConfigurationPlatforms) = postSolution
		{3329D1F0-EE5D-4879-B887-C67970499092}.Debug|Any CPU.ActiveCfg = Debug|Any CPU
		{3329D1F0-EE5D-4879-B887-C67970499092}.Debug|Any CPU.Build.0 = Debug|Any CPU
		{3329D1F0-EE5D-4879-B887-C67970499092}.Release|Any CPU.ActiveCfg = Release|Any CPU
		{3329D1F0-EE5D-4879-B887-C67970499092}.Release|Any CPU.Build.0 = Release|Any CPU
	EndGlobalSection
	GlobalSection(SolutionProperties) = preSolution
		HideSolutionNode = FALSE
	EndGlobalSection
	GlobalSection(ExtensibilityGlobals) = postSolution
		SolutionGuid = {CFFECFC8-D9F9-4BBB-8F18-72F351B3BBF7}
	EndGlobalSection
EndGlobal
